
Microsoft Visual Studio Solution File, Format Version 12.00
# Visual Studio Version 16
VisualStudioVersion = 16.0.31019.35
MinimumVisualStudioVersion = 10.0.40219.1
Project("{9A19103F-16F7-4668-BE54-9A1E7A4F7556}") = "PLK_IIOT_V1", "PLK_IIOT_V1.csproj", "{C28B49D0-94D7-486F-AA1F-934FD966E555}"
EndProject
Project("{2150E333-8FDC-42A3-9474-1A3956D46DE8}") = "Solution Items", "Solution Items", "{4D4008CD-705D-4185-8021-135DD832C68C}"
	ProjectSection(SolutionItems) = preProject
		.editorconfig = .editorconfig
	EndProjectSection
EndProject
Global
	GlobalSection(SolutionConfigurationPlatforms) = preSolution
		Debug|Any CPU = Debug|Any CPU
		Debug|x86 = Debug|x86
		Release|Any CPU = Release|Any CPU
		Release|x86 = Release|x86
	EndGlobalSection
	GlobalSection(ProjectConfigurationPlatforms) = postSolution
		{C28B49D0-94D7-486F-AA1F-934FD966E555}.Debug|Any CPU.ActiveCfg = Debug|x86
		{C28B49D0-94D7-486F-AA1F-934FD966E555}.Debug|Any CPU.Build.0 = Debug|x86
		{C28B49D0-94D7-486F-AA1F-934FD966E555}.Debug|x86.ActiveCfg = Debug|x86
		{C28B49D0-94D7-486F-AA1F-934FD966E555}.Debug|x86.Build.0 = Debug|x86
		{C28B49D0-94D7-486F-AA1F-934FD966E555}.Release|Any CPU.ActiveCfg = Release|Any CPU
		{C28B49D0-94D7-486F-AA1F-934FD966E555}.Release|Any CPU.Build.0 = Release|Any CPU
		{C28B49D0-94D7-486F-AA1F-934FD966E555}.Release|x86.ActiveCfg = Release|x86
		{C28B49D0-94D7-486F-AA1F-934FD966E555}.Release|x86.Build.0 = Release|x86
	EndGlobalSection
	GlobalSection(SolutionProperties) = preSolution
		HideSolutionNode = FALSE
	EndGlobalSection
	GlobalSection(ExtensibilityGlobals) = postSolution
		SolutionGuid = {02341123-ED5F-428A-8ED6-87894BDD6E12}
	EndGlobalSection
EndGlobal
